
Microsoft Visual Studio Solution File, Format Version 12.00
Project("{FAE04EC0-301F-11D3-BF4B-00C04F79EFBC}") = "SerializerLib", "SerializerLib\SerializerLib.csproj", "{C2D31668-9C96-4454-A543-C13EDF330307}"
EndProject
Project("{FAE04EC0-301F-11D3-BF4B-00C04F79EFBC}") = "SerializerLibTest", "SerializerLibTest\SerializerLibTest.csproj", "{6AF072B0-49A2-43A3-B6E7-06B97229A55A}"
EndProject
Global
	GlobalSection(SolutionConfigurationPlatforms) = preSolution
		Debug|Any CPU = Debug|Any CPU
		Release|Any CPU = Release|Any CPU
	EndGlobalSection
	GlobalSection(ProjectConfigurationPlatforms) = postSolution
		{C2D31668-9C96-4454-A543-C13EDF330307}.Debug|Any CPU.ActiveCfg = Debug|Any CPU
		{C2D31668-9C96-4454-A543-C13EDF330307}.Debug|Any CPU.Build.0 = Debug|Any CPU
		{C2D31668-9C96-4454-A543-C13EDF330307}.Release|Any CPU.ActiveCfg = Release|Any CPU
		{C2D31668-9C96-4454-A543-C13EDF330307}.Release|Any CPU.Build.0 = Release|Any CPU
		{6AF072B0-49A2-43A3-B6E7-06B97229A55A}.Debug|Any CPU.ActiveCfg = Debug|Any CPU
		{6AF072B0-49A2-43A3-B6E7-06B97229A55A}.Debug|Any CPU.Build.0 = Debug|Any CPU
		{6AF072B0-49A2-43A3-B6E7-06B97229A55A}.Release|Any CPU.ActiveCfg = Release|Any CPU
		{6AF072B0-49A2-43A3-B6E7-06B97229A55A}.Release|Any CPU.Build.0 = Release|Any CPU
	EndGlobalSection
EndGlobal
